
Microsoft Visual Studio Solution File, Format Version 12.00
# Visual Studio 15
VisualStudioVersion = 15.0.26124.0
MinimumVisualStudioVersion = 15.0.26124.0
Project("{FAE04EC0-301F-11D3-BF4B-00C04F79EFBC}") = "Domain", "Domain\Domain.csproj", "{3A16C3BB-AFD7-4F8E-BFFB-A9EF4E2CAC25}"
EndProject
Project("{FAE04EC0-301F-11D3-BF4B-00C04F79EFBC}") = "Application", "Application\Application.csproj", "{1EAC45B8-D965-4A9A-968A-52B5C2D536AF}"
EndProject
Project("{FAE04EC0-301F-11D3-BF4B-00C04F79EFBC}") = "Persistence", "Persistence\Persistence.csproj", "{126811BD-10B6-4FEF-83EF-3319019459F2}"
EndProject
Project("{FAE04EC0-301F-11D3-BF4B-00C04F79EFBC}") = "API", "Api\API.csproj", "{239C8796-A2EA-44FF-BCA8-3E8D8B049132}"
EndProject
Global
	GlobalSection(SolutionConfigurationPlatforms) = preSolution
		Debug|Any CPU = Debug|Any CPU
		Debug|x64 = Debug|x64
		Debug|x86 = Debug|x86
		Release|Any CPU = Release|Any CPU
		Release|x64 = Release|x64
		Release|x86 = Release|x86
	EndGlobalSection
	GlobalSection(SolutionProperties) = preSolution
		HideSolutionNode = FALSE
	EndGlobalSection
	GlobalSection(ProjectConfigurationPlatforms) = postSolution
		{3A16C3BB-AFD7-4F8E-BFFB-A9EF4E2CAC25}.Debug|Any CPU.ActiveCfg = Debug|Any CPU
		{3A16C3BB-AFD7-4F8E-BFFB-A9EF4E2CAC25}.Debug|Any CPU.Build.0 = Debug|Any CPU
		{3A16C3BB-AFD7-4F8E-BFFB-A9EF4E2CAC25}.Debug|x64.ActiveCfg = Debug|Any CPU
		{3A16C3BB-AFD7-4F8E-BFFB-A9EF4E2CAC25}.Debug|x64.Build.0 = Debug|Any CPU
		{3A16C3BB-AFD7-4F8E-BFFB-A9EF4E2CAC25}.Debug|x86.ActiveCfg = Debug|Any CPU
		{3A16C3BB-AFD7-4F8E-BFFB-A9EF4E2CAC25}.Debug|x86.Build.0 = Debug|Any CPU
		{3A16C3BB-AFD7-4F8E-BFFB-A9EF4E2CAC25}.Release|Any CPU.ActiveCfg = Release|Any CPU
		{3A16C3BB-AFD7-4F8E-BFFB-A9EF4E2CAC25}.Release|Any CPU.Build.0 = Release|Any CPU
		{3A16C3BB-AFD7-4F8E-BFFB-A9EF4E2CAC25}.Release|x64.ActiveCfg = Release|Any CPU
		{3A16C3BB-AFD7-4F8E-BFFB-A9EF4E2CAC25}.Release|x64.Build.0 = Release|Any CPU
		{3A16C3BB-AFD7-4F8E-BFFB-A9EF4E2CAC25}.Release|x86.ActiveCfg = Release|Any CPU
		{3A16C3BB-AFD7-4F8E-BFFB-A9EF4E2CAC25}.Release|x86.Build.0 = Release|Any CPU
		{1EAC45B8-D965-4A9A-968A-52B5C2D536AF}.Debug|Any CPU.ActiveCfg = Debug|Any CPU
		{1EAC45B8-D965-4A9A-968A-52B5C2D536AF}.Debug|Any CPU.Build.0 = Debug|Any CPU
		{1EAC45B8-D965-4A9A-968A-52B5C2D536AF}.Debug|x64.ActiveCfg = Debug|Any CPU
		{1EAC45B8-D965-4A9A-968A-52B5C2D536AF}.Debug|x64.Build.0 = Debug|Any CPU
		{1EAC45B8-D965-4A9A-968A-52B5C2D536AF}.Debug|x86.ActiveCfg = Debug|Any CPU
		{1EAC45B8-D965-4A9A-968A-52B5C2D536AF}.Debug|x86.Build.0 = Debug|Any CPU
		{1EAC45B8-D965-4A9A-968A-52B5C2D536AF}.Release|Any CPU.ActiveCfg = Release|Any CPU
		{1EAC45B8-D965-4A9A-968A-52B5C2D536AF}.Release|Any CPU.Build.0 = Release|Any CPU
		{1EAC45B8-D965-4A9A-968A-52B5C2D536AF}.Release|x64.ActiveCfg = Release|Any CPU
		{1EAC45B8-D965-4A9A-968A-52B5C2D536AF}.Release|x64.Build.0 = Release|Any CPU
		{1EAC45B8-D965-4A9A-968A-52B5C2D536AF}.Release|x86.ActiveCfg = Release|Any CPU
		{1EAC45B8-D965-4A9A-968A-52B5C2D536AF}.Release|x86.Build.0 = Release|Any CPU
		{126811BD-10B6-4FEF-83EF-3319019459F2}.Debug|Any CPU.ActiveCfg = Debug|Any CPU
		{126811BD-10B6-4FEF-83EF-3319019459F2}.Debug|Any CPU.Build.0 = Debug|Any CPU
		{126811BD-10B6-4FEF-83EF-3319019459F2}.Debug|x64.ActiveCfg = Debug|Any CPU
		{126811BD-10B6-4FEF-83EF-3319019459F2}.Debug|x64.Build.0 = Debug|Any CPU
		{126811BD-10B6-4FEF-83EF-3319019459F2}.Debug|x86.ActiveCfg = Debug|Any CPU
		{126811BD-10B6-4FEF-83EF-3319019459F2}.Debug|x86.Build.0 = Debug|Any CPU
		{126811BD-10B6-4FEF-83EF-3319019459F2}.Release|Any CPU.ActiveCfg = Release|Any CPU
		{126811BD-10B6-4FEF-83EF-3319019459F2}.Release|Any CPU.Build.0 = Release|Any CPU
		{126811BD-10B6-4FEF-83EF-3319019459F2}.Release|x64.ActiveCfg = Release|Any CPU
		{126811BD-10B6-4FEF-83EF-3319019459F2}.Release|x64.Build.0 = Release|Any CPU
		{126811BD-10B6-4FEF-83EF-3319019459F2}.Release|x86.ActiveCfg = Release|Any CPU
		{126811BD-10B6-4FEF-83EF-3319019459F2}.Release|x86.Build.0 = Release|Any CPU
		{239C8796-A2EA-44FF-BCA8-3E8D8B049132}.Debug|Any CPU.ActiveCfg = Debug|Any CPU
		{239C8796-A2EA-44FF-BCA8-3E8D8B049132}.Debug|Any CPU.Build.0 = Debug|Any CPU
		{239C8796-A2EA-44FF-BCA8-3E8D8B049132}.Debug|x64.ActiveCfg = Debug|Any CPU
		{239C8796-A2EA-44FF-BCA8-3E8D8B049132}.Debug|x64.Build.0 = Debug|Any CPU
		{239C8796-A2EA-44FF-BCA8-3E8D8B049132}.Debug|x86.ActiveCfg = Debug|Any CPU
		{239C8796-A2EA-44FF-BCA8-3E8D8B049132}.Debug|x86.Build.0 = Debug|Any CPU
		{239C8796-A2EA-44FF-BCA8-3E8D8B049132}.Release|Any CPU.ActiveCfg = Release|Any CPU
		{239C8796-A2EA-44FF-BCA8-3E8D8B049132}.Release|Any CPU.Build.0 = Release|Any CPU
		{239C8796-A2EA-44FF-BCA8-3E8D8B049132}.Release|x64.ActiveCfg = Release|Any CPU
		{239C8796-A2EA-44FF-BCA8-3E8D8B049132}.Release|x64.Build.0 = Release|Any CPU
		{239C8796-A2EA-44FF-BCA8-3E8D8B049132}.Release|x86.ActiveCfg = Release|Any CPU
		{239C8796-A2EA-44FF-BCA8-3E8D8B049132}.Release|x86.Build.0 = Release|Any CPU
	EndGlobalSection
EndGlobal
